
Microsoft Visual Studio Solution File, Format Version 12.00
# Visual Studio 15
VisualStudioVersion = 15.0.26430.12
MinimumVisualStudioVersion = 10.0.40219.1
Project("{FAE04EC0-301F-11D3-BF4B-00C04F79EFBC}") = "Project_X_VS_2", "Project_X_VS_2\Project_X_VS_2.csproj", "{2E0551FB-7A3E-4DF7-A378-16DB190432AD}"
EndProject
Global
	GlobalSection(SolutionConfigurationPlatforms) = preSolution
		Debug|Any CPU = Debug|Any CPU
		Release|Any CPU = Release|Any CPU
	EndGlobalSection
	GlobalSection(ProjectConfigurationPlatforms) = postSolution
		{2E0551FB-7A3E-4DF7-A378-16DB190432AD}.Debug|Any CPU.ActiveCfg = Debug|Any CPU
		{2E0551FB-7A3E-4DF7-A378-16DB190432AD}.Debug|Any CPU.Build.0 = Debug|Any CPU
		{2E0551FB-7A3E-4DF7-A378-16DB190432AD}.Release|Any CPU.ActiveCfg = Release|Any CPU
		{2E0551FB-7A3E-4DF7-A378-16DB190432AD}.Release|Any CPU.Build.0 = Release|Any CPU
	EndGlobalSection
	GlobalSection(SolutionProperties) = preSolution
		HideSolutionNode = FALSE
	EndGlobalSection
EndGlobal
